// !$*UTF8*$!
{
	archiveVersion = 1;
	classes = {
	};
	objectVersion = 50;
	objects = {

/* Begin PBXBuildFile section */
		260C2B285C070612433A36D5 /* libPods-DebugingProject.a in Frameworks */ = {isa = PBXBuildFile; fileRef = 1BF418483FDDC6A78932201D /* libPods-DebugingProject.a */; };
		3D33A57D0C739E5ED806A90A /* libPods-DebugingProjectTests.a in Frameworks */ = {isa = PBXBuildFile; fileRef = 9F4CCB95CE8B373E35308799 /* libPods-DebugingProjectTests.a */; };
		F72846D1238975B300A48711 /* DebugingProjectTests.m in Sources */ = {isa = PBXBuildFile; fileRef = F72846D0238975B300A48711 /* DebugingProjectTests.m */; };
		F72846E22389766D00A48711 /* Assets.xcassets in Resources */ = {isa = PBXBuildFile; fileRef = F72846DC2389766D00A48711 /* Assets.xcassets */; };
		F72846E42389766D00A48711 /* Main.storyboard in Resources */ = {isa = PBXBuildFile; fileRef = F72846DF2389766D00A48711 /* Main.storyboard */; };
		F72846E52389766D00A48711 /* main.m in Sources */ = {isa = PBXBuildFile; fileRef = F72846E12389766D00A48711 /* main.m */; };
		F72846EB238976ED00A48711 /* SceneDelegate.m in Sources */ = {isa = PBXBuildFile; fileRef = F72846E8238976ED00A48711 /* SceneDelegate.m */; };
		F72846EC238976ED00A48711 /* AppDelegate.m in Sources */ = {isa = PBXBuildFile; fileRef = F72846E9238976ED00A48711 /* AppDelegate.m */; };
		F72846F223897BFB00A48711 /* SYJViewController.m in Sources */ = {isa = PBXBuildFile; fileRef = F72846F123897BFB00A48711 /* SYJViewController.m */; };
		F72846F523897D8900A48711 /* SYJShortcutItemManager.m in Sources */ = {isa = PBXBuildFile; fileRef = F72846F423897D8900A48711 /* SYJShortcutItemManager.m */; };
		F72846FD23897FA600A48711 /* InfoPlist.strings in Resources */ = {isa = PBXBuildFile; fileRef = F72846FF23897FA600A48711 /* InfoPlist.strings */; };
		F72847052389807B00A48711 /* SYJNavigationController.m in Sources */ = {isa = PBXBuildFile; fileRef = F72847042389807B00A48711 /* SYJNavigationController.m */; };
		F728470A238982E400A48711 /* Launch Screen.storyboard in Resources */ = {isa = PBXBuildFile; fileRef = F728470C238982E400A48711 /* Launch Screen.storyboard */; };
		F72847132389838C00A48711 /* Localizable.strings in Resources */ = {isa = PBXBuildFile; fileRef = F72847152389838C00A48711 /* Localizable.strings */; };
		F728471A23898ED000A48711 /* ShortcutItem.strings in Resources */ = {isa = PBXBuildFile; fileRef = F728471C23898ED000A48711 /* ShortcutItem.strings */; };
		F7284720238A53EF00A48711 /* DemoList.plist in Resources */ = {isa = PBXBuildFile; fileRef = F728471F238A53EF00A48711 /* DemoList.plist */; };
		F7284724238A566B00A48711 /* SYJBaseModel.m in Sources */ = {isa = PBXBuildFile; fileRef = F7284723238A566B00A48711 /* SYJBaseModel.m */; };
		F728472A238AB7B800A48711 /* SYJTransitioningViewController.m in Sources */ = {isa = PBXBuildFile; fileRef = F7284729238AB7B800A48711 /* SYJTransitioningViewController.m */; };
		F728472D238AC02D00A48711 /* SYJModalViewController.m in Sources */ = {isa = PBXBuildFile; fileRef = F728472C238AC02D00A48711 /* SYJModalViewController.m */; };
		F7284730238AC9FA00A48711 /* SYJBouncePresentAnimation.m in Sources */ = {isa = PBXBuildFile; fileRef = F728472F238AC9FA00A48711 /* SYJBouncePresentAnimation.m */; };
		F76724182392869A003C00AF /* SYJBiometricViewController.m in Sources */ = {isa = PBXBuildFile; fileRef = F76724172392869A003C00AF /* SYJBiometricViewController.m */; };
		F767241B23929340003C00AF /* SYJBiometricManager.m in Sources */ = {isa = PBXBuildFile; fileRef = F767241A23929340003C00AF /* SYJBiometricManager.m */; };
		F767241E2392C061003C00AF /* Biometric.strings in Resources */ = {isa = PBXBuildFile; fileRef = F76724202392C061003C00AF /* Biometric.strings */; };
		F767242623937A4F003C00AF /* SYJGestureViewController.m in Sources */ = {isa = PBXBuildFile; fileRef = F767242523937A4F003C00AF /* SYJGestureViewController.m */; };
		F767242923937CB5003C00AF /* SYJGestureUnlockView.m in Sources */ = {isa = PBXBuildFile; fileRef = F767242823937CB4003C00AF /* SYJGestureUnlockView.m */; };
		F767242D239380BE003C00AF /* gesture_node_highlighted.png in Resources */ = {isa = PBXBuildFile; fileRef = F767242B239380BE003C00AF /* gesture_node_highlighted.png */; };
		F767242E239380BE003C00AF /* gesture_node_highlighted@2x.png in Resources */ = {isa = PBXBuildFile; fileRef = F767242C239380BE003C00AF /* gesture_node_highlighted@2x.png */; };
		F7672431239380C8003C00AF /* gesture_node_normal.png in Resources */ = {isa = PBXBuildFile; fileRef = F767242F239380C8003C00AF /* gesture_node_normal.png */; };
		F7672432239380C8003C00AF /* gesture_node_normal@2x.png in Resources */ = {isa = PBXBuildFile; fileRef = F7672430239380C8003C00AF /* gesture_node_normal@2x.png */; };
		F7672434239380D0003C00AF /* Home_refresh_bg.png in Resources */ = {isa = PBXBuildFile; fileRef = F7672433239380D0003C00AF /* Home_refresh_bg.png */; };
		F767243B23938970003C00AF /* SYJGestureConst.m in Sources */ = {isa = PBXBuildFile; fileRef = F767243A23938970003C00AF /* SYJGestureConst.m */; };
		F76724412393BE8E003C00AF /* SYJGestureVerifyLabel.m in Sources */ = {isa = PBXBuildFile; fileRef = F76724402393BE8E003C00AF /* SYJGestureVerifyLabel.m */; };
		F76724442393C098003C00AF /* UIColor+Extension.m in Sources */ = {isa = PBXBuildFile; fileRef = F76724432393C098003C00AF /* UIColor+Extension.m */; };
		F76724482393C186003C00AF /* CALayer+Shake.m in Sources */ = {isa = PBXBuildFile; fileRef = F76724472393C186003C00AF /* CALayer+Shake.m */; };
		F767244B2393CC8A003C00AF /* SYJGesturePreview.m in Sources */ = {isa = PBXBuildFile; fileRef = F767244A2393CC8A003C00AF /* SYJGesturePreview.m */; };
		F767244F2393E338003C00AF /* SYJBasicUnlockController.m in Sources */ = {isa = PBXBuildFile; fileRef = F767244E2393E338003C00AF /* SYJBasicUnlockController.m */; };
		F76724522393E441003C00AF /* SYJEnhanceUnlockController.m in Sources */ = {isa = PBXBuildFile; fileRef = F76724512393E441003C00AF /* SYJEnhanceUnlockController.m */; };
		F76724532393FAC2003C00AF /* SYJGestureView.m in Sources */ = {isa = PBXBuildFile; fileRef = F767243723938963003C00AF /* SYJGestureView.m */; };
		F76724542393FC93003C00AF /* SYJGestureItemView.m in Sources */ = {isa = PBXBuildFile; fileRef = F767243D23938B76003C00AF /* SYJGestureItemView.m */; };
		F76724592397F362003C00AF /* SYJCollectionsController.m in Sources */ = {isa = PBXBuildFile; fileRef = F76724582397F362003C00AF /* SYJCollectionsController.m */; };
		F767245D2397F4E1003C00AF /* SYJCollectionsLayout.m in Sources */ = {isa = PBXBuildFile; fileRef = F767245C2397F4E1003C00AF /* SYJCollectionsLayout.m */; };
		F76724602398080A003C00AF /* SYJCollectionHeaderView.m in Sources */ = {isa = PBXBuildFile; fileRef = F767245F2398080A003C00AF /* SYJCollectionHeaderView.m */; };
/* End PBXBuildFile section */

/* Begin PBXContainerItemProxy section */
		F72846CD238975B300A48711 /* PBXContainerItemProxy */ = {
			isa = PBXContainerItemProxy;
			containerPortal = F72846A9238975B200A48711 /* Project object */;
			proxyType = 1;
			remoteGlobalIDString = F72846B0238975B200A48711;
			remoteInfo = DebugingProject;
		};
/* End PBXContainerItemProxy section */

/* Begin PBXFileReference section */
		1BF418483FDDC6A78932201D /* libPods-DebugingProject.a */ = {isa = PBXFileReference; explicitFileType = archive.ar; includeInIndex = 0; path = "libPods-DebugingProject.a"; sourceTree = BUILT_PRODUCTS_DIR; };
		5CFBD0D4F8BEFECCF94399E0 /* Pods-DebugingProjectTests.debug.xcconfig */ = {isa = PBXFileReference; includeInIndex = 1; lastKnownFileType = text.xcconfig; name = "Pods-DebugingProjectTests.debug.xcconfig"; path = "Pods/Target Support Files/Pods-DebugingProjectTests/Pods-DebugingProjectTests.debug.xcconfig"; sourceTree = "<group>"; };
		932FD0E73415B82E434C3B14 /* Pods-DebugingProjectTests.release.xcconfig */ = {isa = PBXFileReference; includeInIndex = 1; lastKnownFileType = text.xcconfig; name = "Pods-DebugingProjectTests.release.xcconfig"; path = "Pods/Target Support Files/Pods-DebugingProjectTests/Pods-DebugingProjectTests.release.xcconfig"; sourceTree = "<group>"; };
		95D6C8446F5358FAA8A2A082 /* Pods-DebugingProject.release.xcconfig */ = {isa = PBXFileReference; includeInIndex = 1; lastKnownFileType = text.xcconfig; name = "Pods-DebugingProject.release.xcconfig"; path = "Pods/Target Support Files/Pods-DebugingProject/Pods-DebugingProject.release.xcconfig"; sourceTree = "<group>"; };
		9F4CCB95CE8B373E35308799 /* libPods-DebugingProjectTests.a */ = {isa = PBXFileReference; explicitFileType = archive.ar; includeInIndex = 0; path = "libPods-DebugingProjectTests.a"; sourceTree = BUILT_PRODUCTS_DIR; };
		DF2DD48C40E2C7CF4EE51E68 /* Pods-DebugingProject.debug.xcconfig */ = {isa = PBXFileReference; includeInIndex = 1; lastKnownFileType = text.xcconfig; name = "Pods-DebugingProject.debug.xcconfig"; path = "Pods/Target Support Files/Pods-DebugingProject/Pods-DebugingProject.debug.xcconfig"; sourceTree = "<group>"; };
		F72846B1238975B200A48711 /* DebugingProject.app */ = {isa = PBXFileReference; explicitFileType = wrapper.application; includeInIndex = 0; path = DebugingProject.app; sourceTree = BUILT_PRODUCTS_DIR; };
		F72846C5238975B200A48711 /* Info.plist */ = {isa = PBXFileReference; lastKnownFileType = text.plist.xml; path = Info.plist; sourceTree = "<group>"; };
		F72846CC238975B300A48711 /* DebugingProjectTests.xctest */ = {isa = PBXFileReference; explicitFileType = wrapper.cfbundle; includeInIndex = 0; path = DebugingProjectTests.xctest; sourceTree = BUILT_PRODUCTS_DIR; };
		F72846D0238975B300A48711 /* DebugingProjectTests.m */ = {isa = PBXFileReference; lastKnownFileType = sourcecode.c.objc; path = DebugingProjectTests.m; sourceTree = "<group>"; };
		F72846D2238975B300A48711 /* Info.plist */ = {isa = PBXFileReference; lastKnownFileType = text.plist.xml; path = Info.plist; sourceTree = "<group>"; };
		F72846DC2389766D00A48711 /* Assets.xcassets */ = {isa = PBXFileReference; lastKnownFileType = folder.assetcatalog; path = Assets.xcassets; sourceTree = "<group>"; };
		F72846E02389766D00A48711 /* Base */ = {isa = PBXFileReference; lastKnownFileType = file.storyboard; name = Base; path = Base.lproj/Main.storyboard; sourceTree = "<group>"; };
		F72846E12389766D00A48711 /* main.m */ = {isa = PBXFileReference; fileEncoding = 4; lastKnownFileType = sourcecode.c.objc; path = main.m; sourceTree = "<group>"; };
		F72846E7238976ED00A48711 /* AppDelegate.h */ = {isa = PBXFileReference; fileEncoding = 4; lastKnownFileType = sourcecode.c.h; path = AppDelegate.h; sourceTree = "<group>"; };
		F72846E8238976ED00A48711 /* SceneDelegate.m */ = {isa = PBXFileReference; fileEncoding = 4; lastKnownFileType = sourcecode.c.objc; path = SceneDelegate.m; sourceTree = "<group>"; };
		F72846E9238976ED00A48711 /* AppDelegate.m */ = {isa = PBXFileReference; fileEncoding = 4; lastKnownFileType = sourcecode.c.objc; path = AppDelegate.m; sourceTree = "<group>"; };
		F72846EA238976ED00A48711 /* SceneDelegate.h */ = {isa = PBXFileReference; fileEncoding = 4; lastKnownFileType = sourcecode.c.h; path = SceneDelegate.h; sourceTree = "<group>"; };
		F72846ED238979E000A48711 /* PrefixHeader.pch */ = {isa = PBXFileReference; lastKnownFileType = sourcecode.c.h; path = PrefixHeader.pch; sourceTree = "<group>"; };
		F72846F023897BFB00A48711 /* SYJViewController.h */ = {isa = PBXFileReference; lastKnownFileType = sourcecode.c.h; path = SYJViewController.h; sourceTree = "<group>"; };
		F72846F123897BFB00A48711 /* SYJViewController.m */ = {isa = PBXFileReference; lastKnownFileType = sourcecode.c.objc; path = SYJViewController.m; sourceTree = "<group>"; };
		F72846F323897D8900A48711 /* SYJShortcutItemManager.h */ = {isa = PBXFileReference; lastKnownFileType = sourcecode.c.h; path = SYJShortcutItemManager.h; sourceTree = "<group>"; };
		F72846F423897D8900A48711 /* SYJShortcutItemManager.m */ = {isa = PBXFileReference; lastKnownFileType = sourcecode.c.objc; path = SYJShortcutItemManager.m; sourceTree = "<group>"; };
		F72846FE23897FA600A48711 /* en */ = {isa = PBXFileReference; lastKnownFileType = text.plist.strings; name = en; path = en.lproj/InfoPlist.strings; sourceTree = "<group>"; };
		F728470123897FD500A48711 /* zh-Hans */ = {isa = PBXFileReference; lastKnownFileType = text.plist.strings; name = "zh-Hans"; path = "zh-Hans.lproj/Main.strings"; sourceTree = "<group>"; };
		F728470223897FD500A48711 /* zh-Hans */ = {isa = PBXFileReference; lastKnownFileType = text.plist.strings; name = "zh-Hans"; path = "zh-Hans.lproj/InfoPlist.strings"; sourceTree = "<group>"; };
		F72847032389807B00A48711 /* SYJNavigationController.h */ = {isa = PBXFileReference; lastKnownFileType = sourcecode.c.h; path = SYJNavigationController.h; sourceTree = "<group>"; };
		F72847042389807B00A48711 /* SYJNavigationController.m */ = {isa = PBXFileReference; lastKnownFileType = sourcecode.c.objc; path = SYJNavigationController.m; sourceTree = "<group>"; };
		F728470B238982E400A48711 /* Base */ = {isa = PBXFileReference; lastKnownFileType = file.storyboard; name = Base; path = "Base.lproj/Launch Screen.storyboard"; sourceTree = "<group>"; };
		F728470E238982E700A48711 /* en */ = {isa = PBXFileReference; lastKnownFileType = text.plist.strings; name = en; path = "en.lproj/Launch Screen.strings"; sourceTree = "<group>"; };
		F7284710238982E900A48711 /* zh-Hans */ = {isa = PBXFileReference; lastKnownFileType = text.plist.strings; name = "zh-Hans"; path = "zh-Hans.lproj/Launch Screen.strings"; sourceTree = "<group>"; };
		F72847142389838C00A48711 /* en */ = {isa = PBXFileReference; lastKnownFileType = text.plist.strings; name = en; path = en.lproj/Localizable.strings; sourceTree = "<group>"; };
		F72847162389838E00A48711 /* zh-Hans */ = {isa = PBXFileReference; lastKnownFileType = text.plist.strings; name = "zh-Hans"; path = "zh-Hans.lproj/Localizable.strings"; sourceTree = "<group>"; };
		F728471B23898ED000A48711 /* en */ = {isa = PBXFileReference; lastKnownFileType = text.plist.strings; name = en; path = en.lproj/ShortcutItem.strings; sourceTree = "<group>"; };
		F728471D23898ED200A48711 /* zh-Hans */ = {isa = PBXFileReference; lastKnownFileType = text.plist.strings; name = "zh-Hans"; path = "zh-Hans.lproj/ShortcutItem.strings"; sourceTree = "<group>"; };
		F728471F238A53EF00A48711 /* DemoList.plist */ = {isa = PBXFileReference; lastKnownFileType = text.plist.xml; path = DemoList.plist; sourceTree = "<group>"; };
		F7284722238A566B00A48711 /* SYJBaseModel.h */ = {isa = PBXFileReference; lastKnownFileType = sourcecode.c.h; path = SYJBaseModel.h; sourceTree = "<group>"; };
		F7284723238A566B00A48711 /* SYJBaseModel.m */ = {isa = PBXFileReference; lastKnownFileType = sourcecode.c.objc; path = SYJBaseModel.m; sourceTree = "<group>"; };
		F7284728238AB7B800A48711 /* SYJTransitioningViewController.h */ = {isa = PBXFileReference; lastKnownFileType = sourcecode.c.h; path = SYJTransitioningViewController.h; sourceTree = "<group>"; };
		F7284729238AB7B800A48711 /* SYJTransitioningViewController.m */ = {isa = PBXFileReference; lastKnownFileType = sourcecode.c.objc; path = SYJTransitioningViewController.m; sourceTree = "<group>"; };
		F728472B238AC02D00A48711 /* SYJModalViewController.h */ = {isa = PBXFileReference; lastKnownFileType = sourcecode.c.h; path = SYJModalViewController.h; sourceTree = "<group>"; };
		F728472C238AC02D00A48711 /* SYJModalViewController.m */ = {isa = PBXFileReference; lastKnownFileType = sourcecode.c.objc; path = SYJModalViewController.m; sourceTree = "<group>"; };
		F728472E238AC9FA00A48711 /* SYJBouncePresentAnimation.h */ = {isa = PBXFileReference; lastKnownFileType = sourcecode.c.h; path = SYJBouncePresentAnimation.h; sourceTree = "<group>"; };
		F728472F238AC9FA00A48711 /* SYJBouncePresentAnimation.m */ = {isa = PBXFileReference; lastKnownFileType = sourcecode.c.objc; path = SYJBouncePresentAnimation.m; sourceTree = "<group>"; };
		F76724162392869A003C00AF /* SYJBiometricViewController.h */ = {isa = PBXFileReference; lastKnownFileType = sourcecode.c.h; path = SYJBiometricViewController.h; sourceTree = "<group>"; };
		F76724172392869A003C00AF /* SYJBiometricViewController.m */ = {isa = PBXFileReference; lastKnownFileType = sourcecode.c.objc; path = SYJBiometricViewController.m; sourceTree = "<group>"; };
		F767241923929340003C00AF /* SYJBiometricManager.h */ = {isa = PBXFileReference; lastKnownFileType = sourcecode.c.h; path = SYJBiometricManager.h; sourceTree = "<group>"; };
		F767241A23929340003C00AF /* SYJBiometricManager.m */ = {isa = PBXFileReference; lastKnownFileType = sourcecode.c.objc; path = SYJBiometricManager.m; sourceTree = "<group>"; };
		F767241F2392C061003C00AF /* en */ = {isa = PBXFileReference; lastKnownFileType = text.plist.strings; name = en; path = en.lproj/Biometric.strings; sourceTree = "<group>"; };
		F76724212392C064003C00AF /* zh-Hans */ = {isa = PBXFileReference; lastKnownFileType = text.plist.strings; name = "zh-Hans"; path = "zh-Hans.lproj/Biometric.strings"; sourceTree = "<group>"; };
		F767242423937A4F003C00AF /* SYJGestureViewController.h */ = {isa = PBXFileReference; lastKnownFileType = sourcecode.c.h; path = SYJGestureViewController.h; sourceTree = "<group>"; };
		F767242523937A4F003C00AF /* SYJGestureViewController.m */ = {isa = PBXFileReference; lastKnownFileType = sourcecode.c.objc; path = SYJGestureViewController.m; sourceTree = "<group>"; };
		F767242723937CB4003C00AF /* SYJGestureUnlockView.h */ = {isa = PBXFileReference; lastKnownFileType = sourcecode.c.h; path = SYJGestureUnlockView.h; sourceTree = "<group>"; };
		F767242823937CB4003C00AF /* SYJGestureUnlockView.m */ = {isa = PBXFileReference; lastKnownFileType = sourcecode.c.objc; path = SYJGestureUnlockView.m; sourceTree = "<group>"; };
		F767242B239380BE003C00AF /* gesture_node_highlighted.png */ = {isa = PBXFileReference; lastKnownFileType = image.png; path = gesture_node_highlighted.png; sourceTree = "<group>"; };
		F767242C239380BE003C00AF /* gesture_node_highlighted@2x.png */ = {isa = PBXFileReference; lastKnownFileType = image.png; path = "gesture_node_highlighted@2x.png"; sourceTree = "<group>"; };
		F767242F239380C8003C00AF /* gesture_node_normal.png */ = {isa = PBXFileReference; lastKnownFileType = image.png; path = gesture_node_normal.png; sourceTree = "<group>"; };
		F7672430239380C8003C00AF /* gesture_node_normal@2x.png */ = {isa = PBXFileReference; lastKnownFileType = image.png; path = "gesture_node_normal@2x.png"; sourceTree = "<group>"; };
		F7672433239380D0003C00AF /* Home_refresh_bg.png */ = {isa = PBXFileReference; lastKnownFileType = image.png; path = Home_refresh_bg.png; sourceTree = "<group>"; };
		F767243623938963003C00AF /* SYJGestureView.h */ = {isa = PBXFileReference; lastKnownFileType = sourcecode.c.h; path = SYJGestureView.h; sourceTree = "<group>"; };
		F767243723938963003C00AF /* SYJGestureView.m */ = {isa = PBXFileReference; lastKnownFileType = sourcecode.c.objc; path = SYJGestureView.m; sourceTree = "<group>"; };
		F767243923938970003C00AF /* SYJGestureConst.h */ = {isa = PBXFileReference; lastKnownFileType = sourcecode.c.h; path = SYJGestureConst.h; sourceTree = "<group>"; };
		F767243A23938970003C00AF /* SYJGestureConst.m */ = {isa = PBXFileReference; lastKnownFileType = sourcecode.c.objc; path = SYJGestureConst.m; sourceTree = "<group>"; };
		F767243C23938B76003C00AF /* SYJGestureItemView.h */ = {isa = PBXFileReference; lastKnownFileType = sourcecode.c.h; path = SYJGestureItemView.h; sourceTree = "<group>"; };
		F767243D23938B76003C00AF /* SYJGestureItemView.m */ = {isa = PBXFileReference; lastKnownFileType = sourcecode.c.objc; path = SYJGestureItemView.m; sourceTree = "<group>"; };
		F767243F2393BE8E003C00AF /* SYJGestureVerifyLabel.h */ = {isa = PBXFileReference; lastKnownFileType = sourcecode.c.h; path = SYJGestureVerifyLabel.h; sourceTree = "<group>"; };
		F76724402393BE8E003C00AF /* SYJGestureVerifyLabel.m */ = {isa = PBXFileReference; lastKnownFileType = sourcecode.c.objc; path = SYJGestureVerifyLabel.m; sourceTree = "<group>"; };
		F76724422393C098003C00AF /* UIColor+Extension.h */ = {isa = PBXFileReference; lastKnownFileType = sourcecode.c.h; path = "UIColor+Extension.h"; sourceTree = "<group>"; };
		F76724432393C098003C00AF /* UIColor+Extension.m */ = {isa = PBXFileReference; lastKnownFileType = sourcecode.c.objc; path = "UIColor+Extension.m"; sourceTree = "<group>"; };
		F76724462393C186003C00AF /* CALayer+Shake.h */ = {isa = PBXFileReference; lastKnownFileType = sourcecode.c.h; path = "CALayer+Shake.h"; sourceTree = "<group>"; };
		F76724472393C186003C00AF /* CALayer+Shake.m */ = {isa = PBXFileReference; lastKnownFileType = sourcecode.c.objc; path = "CALayer+Shake.m"; sourceTree = "<group>"; };
		F76724492393CC8A003C00AF /* SYJGesturePreview.h */ = {isa = PBXFileReference; lastKnownFileType = sourcecode.c.h; path = SYJGesturePreview.h; sourceTree = "<group>"; };
		F767244A2393CC8A003C00AF /* SYJGesturePreview.m */ = {isa = PBXFileReference; lastKnownFileType = sourcecode.c.objc; path = SYJGesturePreview.m; sourceTree = "<group>"; };
		F767244D2393E338003C00AF /* SYJBasicUnlockController.h */ = {isa = PBXFileReference; lastKnownFileType = sourcecode.c.h; path = SYJBasicUnlockController.h; sourceTree = "<group>"; };
		F767244E2393E338003C00AF /* SYJBasicUnlockController.m */ = {isa = PBXFileReference; lastKnownFileType = sourcecode.c.objc; path = SYJBasicUnlockController.m; sourceTree = "<group>"; };
		F76724502393E441003C00AF /* SYJEnhanceUnlockController.h */ = {isa = PBXFileReference; lastKnownFileType = sourcecode.c.h; path = SYJEnhanceUnlockController.h; sourceTree = "<group>"; };
		F76724512393E441003C00AF /* SYJEnhanceUnlockController.m */ = {isa = PBXFileReference; lastKnownFileType = sourcecode.c.objc; path = SYJEnhanceUnlockController.m; sourceTree = "<group>"; };
		F76724572397F362003C00AF /* SYJCollectionsController.h */ = {isa = PBXFileReference; lastKnownFileType = sourcecode.c.h; path = SYJCollectionsController.h; sourceTree = "<group>"; };
		F76724582397F362003C00AF /* SYJCollectionsController.m */ = {isa = PBXFileReference; lastKnownFileType = sourcecode.c.objc; path = SYJCollectionsController.m; sourceTree = "<group>"; };
		F767245B2397F4E1003C00AF /* SYJCollectionsLayout.h */ = {isa = PBXFileReference; lastKnownFileType = sourcecode.c.h; path = SYJCollectionsLayout.h; sourceTree = "<group>"; };
		F767245C2397F4E1003C00AF /* SYJCollectionsLayout.m */ = {isa = PBXFileReference; lastKnownFileType = sourcecode.c.objc; path = SYJCollectionsLayout.m; sourceTree = "<group>"; };
		F767245E2398080A003C00AF /* SYJCollectionHeaderView.h */ = {isa = PBXFileReference; lastKnownFileType = sourcecode.c.h; path = SYJCollectionHeaderView.h; sourceTree = "<group>"; };
		F767245F2398080A003C00AF /* SYJCollectionHeaderView.m */ = {isa = PBXFileReference; lastKnownFileType = sourcecode.c.objc; path = SYJCollectionHeaderView.m; sourceTree = "<group>"; };
/* End PBXFileReference section */

/* Begin PBXFrameworksBuildPhase section */
		F72846AE238975B200A48711 /* Frameworks */ = {
			isa = PBXFrameworksBuildPhase;
			buildActionMask = 2147483647;
			files = (
				260C2B285C070612433A36D5 /* libPods-DebugingProject.a in Frameworks */,
			);
			runOnlyForDeploymentPostprocessing = 0;
		};
		F72846C9238975B300A48711 /* Frameworks */ = {
			isa = PBXFrameworksBuildPhase;
			buildActionMask = 2147483647;
			files = (
				3D33A57D0C739E5ED806A90A /* libPods-DebugingProjectTests.a in Frameworks */,
			);
			runOnlyForDeploymentPostprocessing = 0;
		};
/* End PBXFrameworksBuildPhase section */

/* Begin PBXGroup section */
		02E08856E0BD1755EAB26E2A /* Frameworks */ = {
			isa = PBXGroup;
			children = (
				1BF418483FDDC6A78932201D /* libPods-DebugingProject.a */,
				9F4CCB95CE8B373E35308799 /* libPods-DebugingProjectTests.a */,
			);
			name = Frameworks;
			sourceTree = "<group>";
		};
		E7C75DCCF7BD90F219E70E7A /* Pods */ = {
			isa = PBXGroup;
			children = (
				DF2DD48C40E2C7CF4EE51E68 /* Pods-DebugingProject.debug.xcconfig */,
				95D6C8446F5358FAA8A2A082 /* Pods-DebugingProject.release.xcconfig */,
				5CFBD0D4F8BEFECCF94399E0 /* Pods-DebugingProjectTests.debug.xcconfig */,
				932FD0E73415B82E434C3B14 /* Pods-DebugingProjectTests.release.xcconfig */,
			);
			name = Pods;
			sourceTree = "<group>";
		};
		F72846A8238975B200A48711 = {
			isa = PBXGroup;
			children = (
				F72846B3238975B200A48711 /* DebugingProject */,
				F72846CF238975B300A48711 /* DebugingProjectTests */,
				F72846B2238975B200A48711 /* Products */,
				E7C75DCCF7BD90F219E70E7A /* Pods */,
				02E08856E0BD1755EAB26E2A /* Frameworks */,
			);
			sourceTree = "<group>";
		};
		F72846B2238975B200A48711 /* Products */ = {
			isa = PBXGroup;
			children = (
				F72846B1238975B200A48711 /* DebugingProject.app */,
				F72846CC238975B300A48711 /* DebugingProjectTests.xctest */,
			);
			name = Products;
			sourceTree = "<group>";
		};
		F72846B3238975B200A48711 /* DebugingProject */ = {
			isa = PBXGroup;
			children = (
				F76724452393C0C4003C00AF /* Extension */,
				F7284725238AB78E00A48711 /* Demos */,
				F728471723898CDC00A48711 /* Localized */,
				F72846EE23897BD700A48711 /* Main */,
				F72846E6238976ED00A48711 /* Entrance */,
				F72846DB2389766D00A48711 /* SupportingFiles */,
			);
			path = DebugingProject;
			sourceTree = "<group>";
		};
		F72846CF238975B300A48711 /* DebugingProjectTests */ = {
			isa = PBXGroup;
			children = (
				F72846D0238975B300A48711 /* DebugingProjectTests.m */,
				F72846D2238975B300A48711 /* Info.plist */,
			);
			path = DebugingProjectTests;
			sourceTree = "<group>";
		};
		F72846DB2389766D00A48711 /* SupportingFiles */ = {
			isa = PBXGroup;
			children = (
				F72846C5238975B200A48711 /* Info.plist */,
				F72846DC2389766D00A48711 /* Assets.xcassets */,
				F728470C238982E400A48711 /* Launch Screen.storyboard */,
				F72846DF2389766D00A48711 /* Main.storyboard */,
				F72846E12389766D00A48711 /* main.m */,
				F72846ED238979E000A48711 /* PrefixHeader.pch */,
			);
			path = SupportingFiles;
			sourceTree = "<group>";
		};
		F72846E6238976ED00A48711 /* Entrance */ = {
			isa = PBXGroup;
			children = (
				F72846E7238976ED00A48711 /* AppDelegate.h */,
				F72846E9238976ED00A48711 /* AppDelegate.m */,
				F72846EA238976ED00A48711 /* SceneDelegate.h */,
				F72846E8238976ED00A48711 /* SceneDelegate.m */,
			);
			path = Entrance;
			sourceTree = "<group>";
		};
		F72846EE23897BD700A48711 /* Main */ = {
			isa = PBXGroup;
			children = (
				F7284721238A565E00A48711 /* Model */,
				F728471E238A508900A48711 /* Config */,
				F72846EF23897BE100A48711 /* Controllers */,
				F72846F323897D8900A48711 /* SYJShortcutItemManager.h */,
				F72846F423897D8900A48711 /* SYJShortcutItemManager.m */,
			);
			path = Main;
			sourceTree = "<group>";
		};
		F72846EF23897BE100A48711 /* Controllers */ = {
			isa = PBXGroup;
			children = (
				F72846F023897BFB00A48711 /* SYJViewController.h */,
				F72846F123897BFB00A48711 /* SYJViewController.m */,
				F72847032389807B00A48711 /* SYJNavigationController.h */,
				F72847042389807B00A48711 /* SYJNavigationController.m */,
			);
			path = Controllers;
			sourceTree = "<group>";
		};
		F728471723898CDC00A48711 /* Localized */ = {
			isa = PBXGroup;
			children = (
				F72846FF23897FA600A48711 /* InfoPlist.strings */,
				F72847152389838C00A48711 /* Localizable.strings */,
				F728471C23898ED000A48711 /* ShortcutItem.strings */,
				F76724202392C061003C00AF /* Biometric.strings */,
			);
			path = Localized;
			sourceTree = "<group>";
		};
		F728471E238A508900A48711 /* Config */ = {
			isa = PBXGroup;
			children = (
				F728471F238A53EF00A48711 /* DemoList.plist */,
			);
			path = Config;
			sourceTree = "<group>";
		};
		F7284721238A565E00A48711 /* Model */ = {
			isa = PBXGroup;
			children = (
				F7284722238A566B00A48711 /* SYJBaseModel.h */,
				F7284723238A566B00A48711 /* SYJBaseModel.m */,
			);
			path = Model;
			sourceTree = "<group>";
		};
		F7284725238AB78E00A48711 /* Demos */ = {
			isa = PBXGroup;
			children = (
				F76724552397F31D003C00AF /* Collections */,
				F767242223937A2E003C00AF /* Gesture(手势解锁) */,
				F76724142392865B003C00AF /* Biometric(生物识别) */,
				F7284726238AB79600A48711 /* Transition(转场) */,
			);
			path = Demos;
			sourceTree = "<group>";
		};
		F7284726238AB79600A48711 /* Transition(转场) */ = {
			isa = PBXGroup;
			children = (
				F7284727238AB7A600A48711 /* Controller */,
			);
			path = "Transition(转场)";
			sourceTree = "<group>";
		};
		F7284727238AB7A600A48711 /* Controller */ = {
			isa = PBXGroup;
			children = (
				F7284728238AB7B800A48711 /* SYJTransitioningViewController.h */,
				F7284729238AB7B800A48711 /* SYJTransitioningViewController.m */,
				F728472B238AC02D00A48711 /* SYJModalViewController.h */,
				F728472C238AC02D00A48711 /* SYJModalViewController.m */,
				F728472E238AC9FA00A48711 /* SYJBouncePresentAnimation.h */,
				F728472F238AC9FA00A48711 /* SYJBouncePresentAnimation.m */,
			);
			path = Controller;
			sourceTree = "<group>";
		};
		F76724142392865B003C00AF /* Biometric(生物识别) */ = {
			isa = PBXGroup;
			children = (
				F767241523928674003C00AF /* Controller */,
				F767241923929340003C00AF /* SYJBiometricManager.h */,
				F767241A23929340003C00AF /* SYJBiometricManager.m */,
			);
			path = "Biometric(生物识别)";
			sourceTree = "<group>";
		};
		F767241523928674003C00AF /* Controller */ = {
			isa = PBXGroup;
			children = (
				F76724162392869A003C00AF /* SYJBiometricViewController.h */,
				F76724172392869A003C00AF /* SYJBiometricViewController.m */,
			);
			path = Controller;
			sourceTree = "<group>";
		};
		F767242223937A2E003C00AF /* Gesture(手势解锁) */ = {
			isa = PBXGroup;
			children = (
				F767243523938936003C00AF /* GestureView(demo) */,
				F767242A23938091003C00AF /* Sources */,
				F767242323937A3E003C00AF /* Controller */,
				F767242723937CB4003C00AF /* SYJGestureUnlockView.h */,
				F767242823937CB4003C00AF /* SYJGestureUnlockView.m */,
			);
			path = "Gesture(手势解锁)";
			sourceTree = "<group>";
		};
		F767242323937A3E003C00AF /* Controller */ = {
			isa = PBXGroup;
			children = (
				F767244C2393E2F8003C00AF /* SubDemoVC */,
				F767242423937A4F003C00AF /* SYJGestureViewController.h */,
				F767242523937A4F003C00AF /* SYJGestureViewController.m */,
			);
			path = Controller;
			sourceTree = "<group>";
		};
		F767242A23938091003C00AF /* Sources */ = {
			isa = PBXGroup;
			children = (
				F7672433239380D0003C00AF /* Home_refresh_bg.png */,
				F767242F239380C8003C00AF /* gesture_node_normal.png */,
				F7672430239380C8003C00AF /* gesture_node_normal@2x.png */,
				F767242B239380BE003C00AF /* gesture_node_highlighted.png */,
				F767242C239380BE003C00AF /* gesture_node_highlighted@2x.png */,
			);
			path = Sources;
			sourceTree = "<group>";
		};
		F767243523938936003C00AF /* GestureView(demo) */ = {
			isa = PBXGroup;
			children = (
				F767243623938963003C00AF /* SYJGestureView.h */,
				F767243723938963003C00AF /* SYJGestureView.m */,
				F76724492393CC8A003C00AF /* SYJGesturePreview.h */,
				F767244A2393CC8A003C00AF /* SYJGesturePreview.m */,
				F767243C23938B76003C00AF /* SYJGestureItemView.h */,
				F767243D23938B76003C00AF /* SYJGestureItemView.m */,
				F767243923938970003C00AF /* SYJGestureConst.h */,
				F767243A23938970003C00AF /* SYJGestureConst.m */,
				F767243F2393BE8E003C00AF /* SYJGestureVerifyLabel.h */,
				F76724402393BE8E003C00AF /* SYJGestureVerifyLabel.m */,
			);
			path = "GestureView(demo)";
			sourceTree = "<group>";
		};
		F76724452393C0C4003C00AF /* Extension */ = {
			isa = PBXGroup;
			children = (
				F76724422393C098003C00AF /* UIColor+Extension.h */,
				F76724432393C098003C00AF /* UIColor+Extension.m */,
				F76724462393C186003C00AF /* CALayer+Shake.h */,
				F76724472393C186003C00AF /* CALayer+Shake.m */,
			);
			path = Extension;
			sourceTree = "<group>";
		};
		F767244C2393E2F8003C00AF /* SubDemoVC */ = {
			isa = PBXGroup;
			children = (
				F767244D2393E338003C00AF /* SYJBasicUnlockController.h */,
				F767244E2393E338003C00AF /* SYJBasicUnlockController.m */,
				F76724502393E441003C00AF /* SYJEnhanceUnlockController.h */,
				F76724512393E441003C00AF /* SYJEnhanceUnlockController.m */,
			);
			path = SubDemoVC;
			sourceTree = "<group>";
		};
		F76724552397F31D003C00AF /* Collections */ = {
			isa = PBXGroup;
			children = (
				F767245A2397F49A003C00AF /* View */,
				F76724562397F34B003C00AF /* Controller */,
				F767245B2397F4E1003C00AF /* SYJCollectionsLayout.h */,
				F767245C2397F4E1003C00AF /* SYJCollectionsLayout.m */,
			);
			path = Collections;
			sourceTree = "<group>";
		};
		F76724562397F34B003C00AF /* Controller */ = {
			isa = PBXGroup;
			children = (
				F76724572397F362003C00AF /* SYJCollectionsController.h */,
				F76724582397F362003C00AF /* SYJCollectionsController.m */,
			);
			path = Controller;
			sourceTree = "<group>";
		};
		F767245A2397F49A003C00AF /* View */ = {
			isa = PBXGroup;
			children = (
				F767245E2398080A003C00AF /* SYJCollectionHeaderView.h */,
				F767245F2398080A003C00AF /* SYJCollectionHeaderView.m */,
			);
			path = View;
			sourceTree = "<group>";
		};
/* End PBXGroup section */

/* Begin PBXNativeTarget section */
		F72846B0238975B200A48711 /* DebugingProject */ = {
			isa = PBXNativeTarget;
			buildConfigurationList = F72846D5238975B300A48711 /* Build configuration list for PBXNativeTarget "DebugingProject" */;
			buildPhases = (
				C227D015BC13C4EEC910B217 /* [CP] Check Pods Manifest.lock */,
				F72846AD238975B200A48711 /* Sources */,
				F72846AE238975B200A48711 /* Frameworks */,
				F72846AF238975B200A48711 /* Resources */,
				F82E0CC0F169CC2DA5365670 /* [CP] Embed Pods Frameworks */,
				DE2EAAD6E277ECAD57051A1A /* [CP] Copy Pods Resources */,
			);
			buildRules = (
			);
			dependencies = (
			);
			name = DebugingProject;
			productName = DebugingProject;
			productReference = F72846B1238975B200A48711 /* DebugingProject.app */;
			productType = "com.apple.product-type.application";
		};
		F72846CB238975B300A48711 /* DebugingProjectTests */ = {
			isa = PBXNativeTarget;
			buildConfigurationList = F72846D8238975B300A48711 /* Build configuration list for PBXNativeTarget "DebugingProjectTests" */;
			buildPhases = (
				58D7943472B2D1D9D704F019 /* [CP] Check Pods Manifest.lock */,
				F72846C8238975B300A48711 /* Sources */,
				F72846C9238975B300A48711 /* Frameworks */,
				F72846CA238975B300A48711 /* Resources */,
				A35EC939061326FCEF0B9D6A /* [CP] Embed Pods Frameworks */,
				5762F5112730BAC291DD3941 /* [CP] Copy Pods Resources */,
			);
			buildRules = (
			);
			dependencies = (
				F72846CE238975B300A48711 /* PBXTargetDependency */,
			);
			name = DebugingProjectTests;
			productName = DebugingProjectTests;
			productReference = F72846CC238975B300A48711 /* DebugingProjectTests.xctest */;
			productType = "com.apple.product-type.bundle.unit-test";
		};
/* End PBXNativeTarget section */

/* Begin PBXProject section */
		F72846A9238975B200A48711 /* Project object */ = {
			isa = PBXProject;
			attributes = {
				CLASSPREFIX = SYJ;
				LastUpgradeCheck = 1100;
				ORGANIZATIONNAME = ShenYj;
				TargetAttributes = {
					F72846B0238975B200A48711 = {
						CreatedOnToolsVersion = 11.0;
					};
					F72846CB238975B300A48711 = {
						CreatedOnToolsVersion = 11.0;
						TestTargetID = F72846B0238975B200A48711;
					};
				};
			};
			buildConfigurationList = F72846AC238975B200A48711 /* Build configuration list for PBXProject "DebugingProject" */;
			compatibilityVersion = "Xcode 9.3";
			developmentRegion = en;
			hasScannedForEncodings = 0;
			knownRegions = (
				en,
				Base,
				"zh-Hans",
			);
			mainGroup = F72846A8238975B200A48711;
			productRefGroup = F72846B2238975B200A48711 /* Products */;
			projectDirPath = "";
			projectRoot = "";
			targets = (
				F72846B0238975B200A48711 /* DebugingProject */,
				F72846CB238975B300A48711 /* DebugingProjectTests */,
			);
		};
/* End PBXProject section */

/* Begin PBXResourcesBuildPhase section */
		F72846AF238975B200A48711 /* Resources */ = {
			isa = PBXResourcesBuildPhase;
			buildActionMask = 2147483647;
			files = (
				F72847132389838C00A48711 /* Localizable.strings in Resources */,
				F767242D239380BE003C00AF /* gesture_node_highlighted.png in Resources */,
				F72846E42389766D00A48711 /* Main.storyboard in Resources */,
				F72846FD23897FA600A48711 /* InfoPlist.strings in Resources */,
				F728471A23898ED000A48711 /* ShortcutItem.strings in Resources */,
				F728470A238982E400A48711 /* Launch Screen.storyboard in Resources */,
				F7672431239380C8003C00AF /* gesture_node_normal.png in Resources */,
				F767242E239380BE003C00AF /* gesture_node_highlighted@2x.png in Resources */,
				F7284720238A53EF00A48711 /* DemoList.plist in Resources */,
				F72846E22389766D00A48711 /* Assets.xcassets in Resources */,
				F7672434239380D0003C00AF /* Home_refresh_bg.png in Resources */,
				F767241E2392C061003C00AF /* Biometric.strings in Resources */,
				F7672432239380C8003C00AF /* gesture_node_normal@2x.png in Resources */,
			);
			runOnlyForDeploymentPostprocessing = 0;
		};
		F72846CA238975B300A48711 /* Resources */ = {
			isa = PBXResourcesBuildPhase;
			buildActionMask = 2147483647;
			files = (
			);
			runOnlyForDeploymentPostprocessing = 0;
		};
/* End PBXResourcesBuildPhase section */

/* Begin PBXShellScriptBuildPhase section */
		5762F5112730BAC291DD3941 /* [CP] Copy Pods Resources */ = {
			isa = PBXShellScriptBuildPhase;
			buildActionMask = 2147483647;
			files = (
			);
			inputFileListPaths = (
			);
			inputPaths = (
			);
			name = "[CP] Copy Pods Resources";
			outputFileListPaths = (
			);
			outputPaths = (
			);
			runOnlyForDeploymentPostprocessing = 0;
			shellPath = /bin/sh;
			shellScript = "\"${SRCROOT}/Pods/Target Support Files/Pods-DebugingProjectTests/Pods-DebugingProjectTests-resources.sh\"\n";
			showEnvVarsInLog = 0;
		};
		58D7943472B2D1D9D704F019 /* [CP] Check Pods Manifest.lock */ = {
			isa = PBXShellScriptBuildPhase;
			buildActionMask = 2147483647;
			files = (
			);
			inputFileListPaths = (
			);
			inputPaths = (
				"${PODS_PODFILE_DIR_PATH}/Podfile.lock",
				"${PODS_ROOT}/Manifest.lock",
			);
			name = "[CP] Check Pods Manifest.lock";
			outputFileListPaths = (
			);
			outputPaths = (
				"$(DERIVED_FILE_DIR)/Pods-DebugingProjectTests-checkManifestLockResult.txt",
			);
			runOnlyForDeploymentPostprocessing = 0;
			shellPath = /bin/sh;
			shellScript = "diff \"${PODS_PODFILE_DIR_PATH}/Podfile.lock\" \"${PODS_ROOT}/Manifest.lock\" > /dev/null\nif [ $? != 0 ] ; then\n    # print error to STDERR\n    echo \"error: The sandbox is not in sync with the Podfile.lock. Run 'pod install' or update your CocoaPods installation.\" >&2\n    exit 1\nfi\n# This output is used by Xcode 'outputs' to avoid re-running this script phase.\necho \"SUCCESS\" > \"${SCRIPT_OUTPUT_FILE_0}\"\n";
			showEnvVarsInLog = 0;
		};
		A35EC939061326FCEF0B9D6A /* [CP] Embed Pods Frameworks */ = {
			isa = PBXShellScriptBuildPhase;
			buildActionMask = 2147483647;
			files = (
			);
			inputFileListPaths = (
			);
			inputPaths = (
			);
			name = "[CP] Embed Pods Frameworks";
			outputFileListPaths = (
			);
			outputPaths = (
			);
			runOnlyForDeploymentPostprocessing = 0;
			shellPath = /bin/sh;
			shellScript = "\"${SRCROOT}/Pods/Target Support Files/Pods-DebugingProjectTests/Pods-DebugingProjectTests-frameworks.sh\"\n";
			showEnvVarsInLog = 0;
		};
		C227D015BC13C4EEC910B217 /* [CP] Check Pods Manifest.lock */ = {
			isa = PBXShellScriptBuildPhase;
			buildActionMask = 2147483647;
			files = (
			);
			inputFileListPaths = (
			);
			inputPaths = (
				"${PODS_PODFILE_DIR_PATH}/Podfile.lock",
				"${PODS_ROOT}/Manifest.lock",
			);
			name = "[CP] Check Pods Manifest.lock";
			outputFileListPaths = (
			);
			outputPaths = (
				"$(DERIVED_FILE_DIR)/Pods-DebugingProject-checkManifestLockResult.txt",
			);
			runOnlyForDeploymentPostprocessing = 0;
			shellPath = /bin/sh;
			shellScript = "diff \"${PODS_PODFILE_DIR_PATH}/Podfile.lock\" \"${PODS_ROOT}/Manifest.lock\" > /dev/null\nif [ $? != 0 ] ; then\n    # print error to STDERR\n    echo \"error: The sandbox is not in sync with the Podfile.lock. Run 'pod install' or update your CocoaPods installation.\" >&2\n    exit 1\nfi\n# This output is used by Xcode 'outputs' to avoid re-running this script phase.\necho \"SUCCESS\" > \"${SCRIPT_OUTPUT_FILE_0}\"\n";
			showEnvVarsInLog = 0;
		};
		DE2EAAD6E277ECAD57051A1A /* [CP] Copy Pods Resources */ = {
			isa = PBXShellScriptBuildPhase;
			buildActionMask = 2147483647;
			files = (
			);
			inputFileListPaths = (
			);
			inputPaths = (
			);
			name = "[CP] Copy Pods Resources";
			outputFileListPaths = (
			);
			outputPaths = (
			);
			runOnlyForDeploymentPostprocessing = 0;
			shellPath = /bin/sh;
			shellScript = "\"${SRCROOT}/Pods/Target Support Files/Pods-DebugingProject/Pods-DebugingProject-resources.sh\"\n";
			showEnvVarsInLog = 0;
		};
		F82E0CC0F169CC2DA5365670 /* [CP] Embed Pods Frameworks */ = {
			isa = PBXShellScriptBuildPhase;
			buildActionMask = 2147483647;
			files = (
			);
			inputFileListPaths = (
			);
			inputPaths = (
			);
			name = "[CP] Embed Pods Frameworks";
			outputFileListPaths = (
			);
			outputPaths = (
			);
			runOnlyForDeploymentPostprocessing = 0;
			shellPath = /bin/sh;
			shellScript = "\"${SRCROOT}/Pods/Target Support Files/Pods-DebugingProject/Pods-DebugingProject-frameworks.sh\"\n";
			showEnvVarsInLog = 0;
		};
/* End PBXShellScriptBuildPhase section */

/* Begin PBXSourcesBuildPhase section */
		F72846AD238975B200A48711 /* Sources */ = {
			isa = PBXSourcesBuildPhase;
			buildActionMask = 2147483647;
			files = (
				F76724542393FC93003C00AF /* SYJGestureItemView.m in Sources */,
				F76724532393FAC2003C00AF /* SYJGestureView.m in Sources */,
				F72847052389807B00A48711 /* SYJNavigationController.m in Sources */,
				F767245D2397F4E1003C00AF /* SYJCollectionsLayout.m in Sources */,
				F76724602398080A003C00AF /* SYJCollectionHeaderView.m in Sources */,
				F72846EC238976ED00A48711 /* AppDelegate.m in Sources */,
				F728472A238AB7B800A48711 /* SYJTransitioningViewController.m in Sources */,
				F76724442393C098003C00AF /* UIColor+Extension.m in Sources */,
				F7284730238AC9FA00A48711 /* SYJBouncePresentAnimation.m in Sources */,
				F76724182392869A003C00AF /* SYJBiometricViewController.m in Sources */,
				F767242623937A4F003C00AF /* SYJGestureViewController.m in Sources */,
				F728472D238AC02D00A48711 /* SYJModalViewController.m in Sources */,
				F767243B23938970003C00AF /* SYJGestureConst.m in Sources */,
				F76724522393E441003C00AF /* SYJEnhanceUnlockController.m in Sources */,
				F72846EB238976ED00A48711 /* SceneDelegate.m in Sources */,
				F72846F523897D8900A48711 /* SYJShortcutItemManager.m in Sources */,
				F7284724238A566B00A48711 /* SYJBaseModel.m in Sources */,
				F76724412393BE8E003C00AF /* SYJGestureVerifyLabel.m in Sources */,
				F72846E52389766D00A48711 /* main.m in Sources */,
				F767244F2393E338003C00AF /* SYJBasicUnlockController.m in Sources */,
				F72846F223897BFB00A48711 /* SYJViewController.m in Sources */,
				F767241B23929340003C00AF /* SYJBiometricManager.m in Sources */,
				F767244B2393CC8A003C00AF /* SYJGesturePreview.m in Sources */,
				F76724482393C186003C00AF /* CALayer+Shake.m in Sources */,
				F76724592397F362003C00AF /* SYJCollectionsController.m in Sources */,
				F767242923937CB5003C00AF /* SYJGestureUnlockView.m in Sources */,
			);
			runOnlyForDeploymentPostprocessing = 0;
		};
		F72846C8238975B300A48711 /* Sources */ = {
			isa = PBXSourcesBuildPhase;
			buildActionMask = 2147483647;
			files = (
				F72846D1238975B300A48711 /* DebugingProjectTests.m in Sources */,
			);
			runOnlyForDeploymentPostprocessing = 0;
		};
/* End PBXSourcesBuildPhase section */

/* Begin PBXTargetDependency section */
		F72846CE238975B300A48711 /* PBXTargetDependency */ = {
			isa = PBXTargetDependency;
			target = F72846B0238975B200A48711 /* DebugingProject */;
			targetProxy = F72846CD238975B300A48711 /* PBXContainerItemProxy */;
		};
/* End PBXTargetDependency section */

/* Begin PBXVariantGroup section */
		F72846DF2389766D00A48711 /* Main.storyboard */ = {
			isa = PBXVariantGroup;
			children = (
				F72846E02389766D00A48711 /* Base */,
				F728470123897FD500A48711 /* zh-Hans */,
			);
			name = Main.storyboard;
			sourceTree = "<group>";
		};
		F72846FF23897FA600A48711 /* InfoPlist.strings */ = {
			isa = PBXVariantGroup;
			children = (
				F72846FE23897FA600A48711 /* en */,
				F728470223897FD500A48711 /* zh-Hans */,
			);
			name = InfoPlist.strings;
			sourceTree = "<group>";
		};
		F728470C238982E400A48711 /* Launch Screen.storyboard */ = {
			isa = PBXVariantGroup;
			children = (
				F728470B238982E400A48711 /* Base */,
				F728470E238982E700A48711 /* en */,
				F7284710238982E900A48711 /* zh-Hans */,
			);
			name = "Launch Screen.storyboard";
			sourceTree = "<group>";
		};
		F72847152389838C00A48711 /* Localizable.strings */ = {
			isa = PBXVariantGroup;
			children = (
				F72847142389838C00A48711 /* en */,
				F72847162389838E00A48711 /* zh-Hans */,
			);
			name = Localizable.strings;
			sourceTree = "<group>";
		};
		F728471C23898ED000A48711 /* ShortcutItem.strings */ = {
			isa = PBXVariantGroup;
			children = (
				F728471B23898ED000A48711 /* en */,
				F728471D23898ED200A48711 /* zh-Hans */,
			);
			name = ShortcutItem.strings;
			sourceTree = "<group>";
		};
		F76724202392C061003C00AF /* Biometric.strings */ = {
			isa = PBXVariantGroup;
			children = (
				F767241F2392C061003C00AF /* en */,
				F76724212392C064003C00AF /* zh-Hans */,
			);
			name = Biometric.strings;
			sourceTree = "<group>";
		};
/* End PBXVariantGroup section */

/* Begin XCBuildConfiguration section */
		F72846D3238975B300A48711 /* Debug */ = {
			isa = XCBuildConfiguration;
			buildSettings = {
				ALWAYS_SEARCH_USER_PATHS = NO;
				CLANG_ANALYZER_LOCALIZABILITY_NONLOCALIZED = YES;
				CLANG_ANALYZER_NONNULL = YES;
				CLANG_ANALYZER_NUMBER_OBJECT_CONVERSION = YES_AGGRESSIVE;
				CLANG_CXX_LANGUAGE_STANDARD = "gnu++14";
				CLANG_CXX_LIBRARY = "libc++";
				CLANG_ENABLE_MODULES = YES;
				CLANG_ENABLE_OBJC_ARC = YES;
				CLANG_ENABLE_OBJC_WEAK = YES;
				CLANG_WARN_BLOCK_CAPTURE_AUTORELEASING = YES;
				CLANG_WARN_BOOL_CONVERSION = YES;
				CLANG_WARN_COMMA = YES;
				CLANG_WARN_CONSTANT_CONVERSION = YES;
				CLANG_WARN_DEPRECATED_OBJC_IMPLEMENTATIONS = YES;
				CLANG_WARN_DIRECT_OBJC_ISA_USAGE = YES_ERROR;
				CLANG_WARN_DOCUMENTATION_COMMENTS = YES;
				CLANG_WARN_EMPTY_BODY = YES;
				CLANG_WARN_ENUM_CONVERSION = YES;
				CLANG_WARN_INFINITE_RECURSION = YES;
				CLANG_WARN_INT_CONVERSION = YES;
				CLANG_WARN_NON_LITERAL_NULL_CONVERSION = YES;
				CLANG_WARN_OBJC_IMPLICIT_RETAIN_SELF = YES;
				CLANG_WARN_OBJC_LITERAL_CONVERSION = YES;
				CLANG_WARN_OBJC_ROOT_CLASS = YES_ERROR;
				CLANG_WARN_RANGE_LOOP_ANALYSIS = YES;
				CLANG_WARN_STRICT_PROTOTYPES = YES;
				CLANG_WARN_SUSPICIOUS_MOVE = YES;
				CLANG_WARN_UNGUARDED_AVAILABILITY = YES_AGGRESSIVE;
				CLANG_WARN_UNREACHABLE_CODE = YES;
				CLANG_WARN__DUPLICATE_METHOD_MATCH = YES;
				COPY_PHASE_STRIP = NO;
				DEBUG_INFORMATION_FORMAT = dwarf;
				ENABLE_STRICT_OBJC_MSGSEND = YES;
				ENABLE_TESTABILITY = YES;
				GCC_C_LANGUAGE_STANDARD = gnu11;
				GCC_DYNAMIC_NO_PIC = NO;
				GCC_NO_COMMON_BLOCKS = YES;
				GCC_OPTIMIZATION_LEVEL = 0;
				GCC_PREPROCESSOR_DEFINITIONS = (
					"DEBUG=1",
					"$(inherited)",
				);
				GCC_WARN_64_TO_32_BIT_CONVERSION = YES;
				GCC_WARN_ABOUT_RETURN_TYPE = YES_ERROR;
				GCC_WARN_UNDECLARED_SELECTOR = YES;
				GCC_WARN_UNINITIALIZED_AUTOS = YES_AGGRESSIVE;
				GCC_WARN_UNUSED_FUNCTION = YES;
				GCC_WARN_UNUSED_VARIABLE = YES;
				IPHONEOS_DEPLOYMENT_TARGET = 13.0;
				MTL_ENABLE_DEBUG_INFO = INCLUDE_SOURCE;
				MTL_FAST_MATH = YES;
				ONLY_ACTIVE_ARCH = YES;
				SDKROOT = iphoneos;
			};
			name = Debug;
		};
		F72846D4238975B300A48711 /* Release */ = {
			isa = XCBuildConfiguration;
			buildSettings = {
				ALWAYS_SEARCH_USER_PATHS = NO;
				CLANG_ANALYZER_LOCALIZABILITY_NONLOCALIZED = YES;
				CLANG_ANALYZER_NONNULL = YES;
				CLANG_ANALYZER_NUMBER_OBJECT_CONVERSION = YES_AGGRESSIVE;
				CLANG_CXX_LANGUAGE_STANDARD = "gnu++14";
				CLANG_CXX_LIBRARY = "libc++";
				CLANG_ENABLE_MODULES = YES;
				CLANG_ENABLE_OBJC_ARC = YES;
				CLANG_ENABLE_OBJC_WEAK = YES;
				CLANG_WARN_BLOCK_CAPTURE_AUTORELEASING = YES;
				CLANG_WARN_BOOL_CONVERSION = YES;
				CLANG_WARN_COMMA = YES;
				CLANG_WARN_CONSTANT_CONVERSION = YES;
				CLANG_WARN_DEPRECATED_OBJC_IMPLEMENTATIONS = YES;
				CLANG_WARN_DIRECT_OBJC_ISA_USAGE = YES_ERROR;
				CLANG_WARN_DOCUMENTATION_COMMENTS = YES;
				CLANG_WARN_EMPTY_BODY = YES;
				CLANG_WARN_ENUM_CONVERSION = YES;
				CLANG_WARN_INFINITE_RECURSION = YES;
				CLANG_WARN_INT_CONVERSION = YES;
				CLANG_WARN_NON_LITERAL_NULL_CONVERSION = YES;
				CLANG_WARN_OBJC_IMPLICIT_RETAIN_SELF = YES;
				CLANG_WARN_OBJC_LITERAL_CONVERSION = YES;
				CLANG_WARN_OBJC_ROOT_CLASS = YES_ERROR;
				CLANG_WARN_RANGE_LOOP_ANALYSIS = YES;
				CLANG_WARN_STRICT_PROTOTYPES = YES;
				CLANG_WARN_SUSPICIOUS_MOVE = YES;
				CLANG_WARN_UNGUARDED_AVAILABILITY = YES_AGGRESSIVE;
				CLANG_WARN_UNREACHABLE_CODE = YES;
				CLANG_WARN__DUPLICATE_METHOD_MATCH = YES;
				COPY_PHASE_STRIP = NO;
				DEBUG_INFORMATION_FORMAT = "dwarf-with-dsym";
				ENABLE_NS_ASSERTIONS = NO;
				ENABLE_STRICT_OBJC_MSGSEND = YES;
				GCC_C_LANGUAGE_STANDARD = gnu11;
				GCC_NO_COMMON_BLOCKS = YES;
				GCC_WARN_64_TO_32_BIT_CONVERSION = YES;
				GCC_WARN_ABOUT_RETURN_TYPE = YES_ERROR;
				GCC_WARN_UNDECLARED_SELECTOR = YES;
				GCC_WARN_UNINITIALIZED_AUTOS = YES_AGGRESSIVE;
				GCC_WARN_UNUSED_FUNCTION = YES;
				GCC_WARN_UNUSED_VARIABLE = YES;
				IPHONEOS_DEPLOYMENT_TARGET = 13.0;
				MTL_ENABLE_DEBUG_INFO = NO;
				MTL_FAST_MATH = YES;
				SDKROOT = iphoneos;
				VALIDATE_PRODUCT = YES;
			};
			name = Release;
		};
		F72846D6238975B300A48711 /* Debug */ = {
			isa = XCBuildConfiguration;
			baseConfigurationReference = DF2DD48C40E2C7CF4EE51E68 /* Pods-DebugingProject.debug.xcconfig */;
			buildSettings = {
				ASSETCATALOG_COMPILER_APPICON_NAME = AppIcon;
				CODE_SIGN_STYLE = Automatic;
				DEVELOPMENT_TEAM = KS5QTFAS57;
				GCC_PREFIX_HEADER = $SRCROOT/$PRODUCT_NAME/SupportingFiles/PrefixHeader.pch;
				INFOPLIST_FILE = DebugingProject/SupportingFiles/Info.plist;
				IPHONEOS_DEPLOYMENT_TARGET = 8.0;
				LD_RUNPATH_SEARCH_PATHS = (
					"$(inherited)",
					"@executable_path/Frameworks",
				);
				PRODUCT_BUNDLE_IDENTIFIER = cn.com.shenyj.DebugingProject;
				PRODUCT_NAME = "$(TARGET_NAME)";
				TARGETED_DEVICE_FAMILY = "1,2";
			};
			name = Debug;
		};
		F72846D7238975B300A48711 /* Release */ = {
			isa = XCBuildConfiguration;
			baseConfigurationReference = 95D6C8446F5358FAA8A2A082 /* Pods-DebugingProject.release.xcconfig */;
			buildSettings = {
				ASSETCATALOG_COMPILER_APPICON_NAME = AppIcon;
				CODE_SIGN_STYLE = Automatic;
				DEVELOPMENT_TEAM = KS5QTFAS57;
				GCC_PREFIX_HEADER = $SRCROOT/$PRODUCT_NAME/SupportingFiles/PrefixHeader.pch;
				INFOPLIST_FILE = DebugingProject/SupportingFiles/Info.plist;
				IPHONEOS_DEPLOYMENT_TARGET = 8.0;
				LD_RUNPATH_SEARCH_PATHS = (
					"$(inherited)",
					"@executable_path/Frameworks",
				);
				PRODUCT_BUNDLE_IDENTIFIER = cn.com.shenyj.DebugingProject;
				PRODUCT_NAME = "$(TARGET_NAME)";
				TARGETED_DEVICE_FAMILY = "1,2";
			};
			name = Release;
		};
		F72846D9238975B300A48711 /* Debug */ = {
			isa = XCBuildConfiguration;
			baseConfigurationReference = 5CFBD0D4F8BEFECCF94399E0 /* Pods-DebugingProjectTests.debug.xcconfig */;
			buildSettings = {
				BUNDLE_LOADER = "$(TEST_HOST)";
				CODE_SIGN_STYLE = Automatic;
				DEVELOPMENT_TEAM = KS5QTFAS57;
				INFOPLIST_FILE = DebugingProjectTests/Info.plist;
				IPHONEOS_DEPLOYMENT_TARGET = 13.0;
				LD_RUNPATH_SEARCH_PATHS = (
					"$(inherited)",
					"@executable_path/Frameworks",
					"@loader_path/Frameworks",
				);
				PRODUCT_BUNDLE_IDENTIFIER = cn.com.shenyj.DebugingProjectTests;
				PRODUCT_NAME = "$(TARGET_NAME)";
				TARGETED_DEVICE_FAMILY = "1,2";
				TEST_HOST = "$(BUILT_PRODUCTS_DIR)/DebugingProject.app/DebugingProject";
			};
			name = Debug;
		};
		F72846DA238975B300A48711 /* Release */ = {
			isa = XCBuildConfiguration;
			baseConfigurationReference = 932FD0E73415B82E434C3B14 /* Pods-DebugingProjectTests.release.xcconfig */;
			buildSettings = {
				BUNDLE_LOADER = "$(TEST_HOST)";
				CODE_SIGN_STYLE = Automatic;
				DEVELOPMENT_TEAM = KS5QTFAS57;
				INFOPLIST_FILE = DebugingProjectTests/Info.plist;
				IPHONEOS_DEPLOYMENT_TARGET = 13.0;
				LD_RUNPATH_SEARCH_PATHS = (
					"$(inherited)",
					"@executable_path/Frameworks",
					"@loader_path/Frameworks",
				);
				PRODUCT_BUNDLE_IDENTIFIER = cn.com.shenyj.DebugingProjectTests;
				PRODUCT_NAME = "$(TARGET_NAME)";
				TARGETED_DEVICE_FAMILY = "1,2";
				TEST_HOST = "$(BUILT_PRODUCTS_DIR)/DebugingProject.app/DebugingProject";
			};
			name = Release;
		};
/* End XCBuildConfiguration section */

/* Begin XCConfigurationList section */
		F72846AC238975B200A48711 /* Build configuration list for PBXProject "DebugingProject" */ = {
			isa = XCConfigurationList;
			buildConfigurations = (
				F72846D3238975B300A48711 /* Debug */,
				F72846D4238975B300A48711 /* Release */,
			);
			defaultConfigurationIsVisible = 0;
			defaultConfigurationName = Release;
		};
		F72846D5238975B300A48711 /* Build configuration list for PBXNativeTarget "DebugingProject" */ = {
			isa = XCConfigurationList;
			buildConfigurations = (
				F72846D6238975B300A48711 /* Debug */,
				F72846D7238975B300A48711 /* Release */,
			);
			defaultConfigurationIsVisible = 0;
			defaultConfigurationName = Release;
		};
		F72846D8238975B300A48711 /* Build configuration list for PBXNativeTarget "DebugingProjectTests" */ = {
			isa = XCConfigurationList;
			buildConfigurations = (
				F72846D9238975B300A48711 /* Debug */,
				F72846DA238975B300A48711 /* Release */,
			);
			defaultConfigurationIsVisible = 0;
			defaultConfigurationName = Release;
		};
/* End XCConfigurationList section */
	};
	rootObject = F72846A9238975B200A48711 /* Project object */;
}
